{
  "name": "workspace-fixture",
  "version": "1.0.0",
  "lockfileVersion": 3,
  "requires": true,
  "packages": {
    "": {
      "name": "workspace-fixture", "version": "1.0.0",
      "workspaces": ["packages/*"], "dependencies": {"@fixture/math": "*"}
    },
    "node_modules/@fixture/math": {"resolved": "packages/math", "link": true},
    "packages/math": {"name": "@fixture/math", "version": "1.0.0"}
  }
}
